
Microsoft Visual Studio Solution File, Format Version 12.00
# Visual Studio Version 17
VisualStudioVersion = 17.0.31903.59
MinimumVisualStudioVersion = 10.0.40219.1
Project("{2150E333-8FDC-42A3-9474-1A3956D46DE8}") = "src", "src", "{827E0CD3-B72D-47B6-A68D-7590B98EB39B}"
EndProject
Project("{FAE04EC0-301F-11D3-BF4B-00C04F79EFBC}") = "Dogity.Domain", "src\Dogity.Domain\Dogity.Domain.csproj", "{14E1FF88-3C32-473C-824A-5788E62F75AC}"
EndProject
Project("{FAE04EC0-301F-11D3-BF4B-00C04F79EFBC}") = "Dogity.Application", "src\Dogity.Application\Dogity.Application.csproj", "{8242B4C9-7ABF-429E-BCA1-9E9BB643B942}"
EndProject
Project("{FAE04EC0-301F-11D3-BF4B-00C04F79EFBC}") = "Dogity.Infrastructure", "src\Dogity.Infrastructure\Dogity.Infrastructure.csproj", "{0F9D91DE-E977-4143-AA0E-F3EAC4D23BAB}"
EndProject
Project("{FAE04EC0-301F-11D3-BF4B-00C04F79EFBC}") = "Dogity.Api", "src\Dogity.Api\Dogity.Api.csproj", "{E0D65454-E3E8-4DEC-BEB3-F52C70E0FF8B}"
EndProject
Project("{FAE04EC0-301F-11D3-BF4B-00C04F79EFBC}") = "Dogity.Domain.Tests", "tests\Dogity.Domain.Tests\Dogity.Domain.Tests.csproj", "{D06988BB-322D-4895-BF14-3DDEFCFF3B16}"
EndProject
Project("{FAE04EC0-301F-11D3-BF4B-00C04F79EFBC}") = "Dogity.Application.Tests", "tests\Dogity.Application.Tests\Dogity.Application.Tests.csproj", "{E9D6FF5F-D45A-4361-A7D1-D93692FF1962}"
EndProject
Global
	GlobalSection(SolutionConfigurationPlatforms) = preSolution
		Debug|Any CPU = Debug|Any CPU
		Debug|x64 = Debug|x64
		Debug|x86 = Debug|x86
		Release|Any CPU = Release|Any CPU
		Release|x64 = Release|x64
		Release|x86 = Release|x86
	EndGlobalSection
	GlobalSection(ProjectConfigurationPlatforms) = postSolution
		{14E1FF88-3C32-473C-824A-5788E62F75AC}.Debug|Any CPU.ActiveCfg = Debug|Any CPU
		{14E1FF88-3C32-473C-824A-5788E62F75AC}.Debug|Any CPU.Build.0 = Debug|Any CPU
		{14E1FF88-3C32-473C-824A-5788E62F75AC}.Debug|x64.ActiveCfg = Debug|Any CPU
		{14E1FF88-3C32-473C-824A-5788E62F75AC}.Debug|x64.Build.0 = Debug|Any CPU
		{14E1FF88-3C32-473C-824A-5788E62F75AC}.Debug|x86.ActiveCfg = Debug|Any CPU
		{14E1FF88-3C32-473C-824A-5788E62F75AC}.Debug|x86.Build.0 = Debug|Any CPU
		{14E1FF88-3C32-473C-824A-5788E62F75AC}.Release|Any CPU.ActiveCfg = Release|Any CPU
		{14E1FF88-3C32-473C-824A-5788E62F75AC}.Release|Any CPU.Build.0 = Release|Any CPU
		{14E1FF88-3C32-473C-824A-5788E62F75AC}.Release|x64.ActiveCfg = Release|Any CPU
		{14E1FF88-3C32-473C-824A-5788E62F75AC}.Release|x64.Build.0 = Release|Any CPU
		{14E1FF88-3C32-473C-824A-5788E62F75AC}.Release|x86.ActiveCfg = Release|Any CPU
		{14E1FF88-3C32-473C-824A-5788E62F75AC}.Release|x86.Build.0 = Release|Any CPU
		{8242B4C9-7ABF-429E-BCA1-9E9BB643B942}.Debug|Any CPU.ActiveCfg = Debug|Any CPU
		{8242B4C9-7ABF-429E-BCA1-9E9BB643B942}.Debug|Any CPU.Build.0 = Debug|Any CPU
		{8242B4C9-7ABF-429E-BCA1-9E9BB643B942}.Debug|x64.ActiveCfg = Debug|Any CPU
		{8242B4C9-7ABF-429E-BCA1-9E9BB643B942}.Debug|x64.Build.0 = Debug|Any CPU
		{8242B4C9-7ABF-429E-BCA1-9E9BB643B942}.Debug|x86.ActiveCfg = Debug|Any CPU
		{8242B4C9-7ABF-429E-BCA1-9E9BB643B942}.Debug|x86.Build.0 = Debug|Any CPU
		{8242B4C9-7ABF-429E-BCA1-9E9BB643B942}.Release|Any CPU.ActiveCfg = Release|Any CPU
		{8242B4C9-7ABF-429E-BCA1-9E9BB643B942}.Release|Any CPU.Build.0 = Release|Any CPU
		{8242B4C9-7ABF-429E-BCA1-9E9BB643B942}.Release|x64.ActiveCfg = Release|Any CPU
		{8242B4C9-7ABF-429E-BCA1-9E9BB643B942}.Release|x64.Build.0 = Release|Any CPU
		{8242B4C9-7ABF-429E-BCA1-9E9BB643B942}.Release|x86.ActiveCfg = Release|Any CPU
		{8242B4C9-7ABF-429E-BCA1-9E9BB643B942}.Release|x86.Build.0 = Release|Any CPU
		{0F9D91DE-E977-4143-AA0E-F3EAC4D23BAB}.Debug|Any CPU.ActiveCfg = Debug|Any CPU
		{0F9D91DE-E977-4143-AA0E-F3EAC4D23BAB}.Debug|Any CPU.Build.0 = Debug|Any CPU
		{0F9D91DE-E977-4143-AA0E-F3EAC4D23BAB}.Debug|x64.ActiveCfg = Debug|Any CPU
		{0F9D91DE-E977-4143-AA0E-F3EAC4D23BAB}.Debug|x64.Build.0 = Debug|Any CPU
		{0F9D91DE-E977-4143-AA0E-F3EAC4D23BAB}.Debug|x86.ActiveCfg = Debug|Any CPU
		{0F9D91DE-E977-4143-AA0E-F3EAC4D23BAB}.Debug|x86.Build.0 = Debug|Any CPU
		{0F9D91DE-E977-4143-AA0E-F3EAC4D23BAB}.Release|Any CPU.ActiveCfg = Release|Any CPU
		{0F9D91DE-E977-4143-AA0E-F3EAC4D23BAB}.Release|Any CPU.Build.0 = Release|Any CPU
		{0F9D91DE-E977-4143-AA0E-F3EAC4D23BAB}.Release|x64.ActiveCfg = Release|Any CPU
		{0F9D91DE-E977-4143-AA0E-F3EAC4D23BAB}.Release|x64.Build.0 = Release|Any CPU
		{0F9D91DE-E977-4143-AA0E-F3EAC4D23BAB}.Release|x86.ActiveCfg = Release|Any CPU
		{0F9D91DE-E977-4143-AA0E-F3EAC4D23BAB}.Release|x86.Build.0 = Release|Any CPU
		{E0D65454-E3E8-4DEC-BEB3-F52C70E0FF8B}.Debug|Any CPU.ActiveCfg = Debug|Any CPU
		{E0D65454-E3E8-4DEC-BEB3-F52C70E0FF8B}.Debug|Any CPU.Build.0 = Debug|Any CPU
		{E0D65454-E3E8-4DEC-BEB3-F52C70E0FF8B}.Debug|x64.ActiveCfg = Debug|Any CPU
		{E0D65454-E3E8-4DEC-BEB3-F52C70E0FF8B}.Debug|x64.Build.0 = Debug|Any CPU
		{E0D65454-E3E8-4DEC-BEB3-F52C70E0FF8B}.Debug|x86.ActiveCfg = Debug|Any CPU
		{E0D65454-E3E8-4DEC-BEB3-F52C70E0FF8B}.Debug|x86.Build.0 = Debug|Any CPU
		{E0D65454-E3E8-4DEC-BEB3-F52C70E0FF8B}.Release|Any CPU.ActiveCfg = Release|Any CPU
		{E0D65454-E3E8-4DEC-BEB3-F52C70E0FF8B}.Release|Any CPU.Build.0 = Release|Any CPU
		{E0D65454-E3E8-4DEC-BEB3-F52C70E0FF8B}.Release|x64.ActiveCfg = Release|Any CPU
		{E0D65454-E3E8-4DEC-BEB3-F52C70E0FF8B}.Release|x64.Build.0 = Release|Any CPU
		{E0D65454-E3E8-4DEC-BEB3-F52C70E0FF8B}.Release|x86.ActiveCfg = Release|Any CPU
		{E0D65454-E3E8-4DEC-BEB3-F52C70E0FF8B}.Release|x86.Build.0 = Release|Any CPU
		{D06988BB-322D-4895-BF14-3DDEFCFF3B16}.Debug|Any CPU.ActiveCfg = Debug|Any CPU
		{D06988BB-322D-4895-BF14-3DDEFCFF3B16}.Debug|Any CPU.Build.0 = Debug|Any CPU
		{D06988BB-322D-4895-BF14-3DDEFCFF3B16}.Debug|x64.ActiveCfg = Debug|Any CPU
		{D06988BB-322D-4895-BF14-3DDEFCFF3B16}.Debug|x64.Build.0 = Debug|Any CPU
		{D06988BB-322D-4895-BF14-3DDEFCFF3B16}.Debug|x86.ActiveCfg = Debug|Any CPU
		{D06988BB-322D-4895-BF14-3DDEFCFF3B16}.Debug|x86.Build.0 = Debug|Any CPU
		{D06988BB-322D-4895-BF14-3DDEFCFF3B16}.Release|Any CPU.ActiveCfg = Release|Any CPU
		{D06988BB-322D-4895-BF14-3DDEFCFF3B16}.Release|Any CPU.Build.0 = Release|Any CPU
		{D06988BB-322D-4895-BF14-3DDEFCFF3B16}.Release|x64.ActiveCfg = Release|Any CPU
		{D06988BB-322D-4895-BF14-3DDEFCFF3B16}.Release|x64.Build.0 = Release|Any CPU
		{D06988BB-322D-4895-BF14-3DDEFCFF3B16}.Release|x86.ActiveCfg = Release|Any CPU
		{D06988BB-322D-4895-BF14-3DDEFCFF3B16}.Release|x86.Build.0 = Release|Any CPU
		{E9D6FF5F-D45A-4361-A7D1-D93692FF1962}.Debug|Any CPU.ActiveCfg = Debug|Any CPU
		{E9D6FF5F-D45A-4361-A7D1-D93692FF1962}.Debug|Any CPU.Build.0 = Debug|Any CPU
		{E9D6FF5F-D45A-4361-A7D1-D93692FF1962}.Debug|x64.ActiveCfg = Debug|Any CPU
		{E9D6FF5F-D45A-4361-A7D1-D93692FF1962}.Debug|x64.Build.0 = Debug|Any CPU
		{E9D6FF5F-D45A-4361-A7D1-D93692FF1962}.Debug|x86.ActiveCfg = Debug|Any CPU
		{E9D6FF5F-D45A-4361-A7D1-D93692FF1962}.Debug|x86.Build.0 = Debug|Any CPU
		{E9D6FF5F-D45A-4361-A7D1-D93692FF1962}.Release|Any CPU.ActiveCfg = Release|Any CPU
		{E9D6FF5F-D45A-4361-A7D1-D93692FF1962}.Release|Any CPU.Build.0 = Release|Any CPU
		{E9D6FF5F-D45A-4361-A7D1-D93692FF1962}.Release|x64.ActiveCfg = Release|Any CPU
		{E9D6FF5F-D45A-4361-A7D1-D93692FF1962}.Release|x64.Build.0 = Release|Any CPU
		{E9D6FF5F-D45A-4361-A7D1-D93692FF1962}.Release|x86.ActiveCfg = Release|Any CPU
		{E9D6FF5F-D45A-4361-A7D1-D93692FF1962}.Release|x86.Build.0 = Release|Any CPU
	EndGlobalSection
	GlobalSection(SolutionProperties) = preSolution
		HideSolutionNode = FALSE
	EndGlobalSection
	GlobalSection(NestedProjects) = preSolution
		{14E1FF88-3C32-473C-824A-5788E62F75AC} = {827E0CD3-B72D-47B6-A68D-7590B98EB39B}
		{8242B4C9-7ABF-429E-BCA1-9E9BB643B942} = {827E0CD3-B72D-47B6-A68D-7590B98EB39B}
		{0F9D91DE-E977-4143-AA0E-F3EAC4D23BAB} = {827E0CD3-B72D-47B6-A68D-7590B98EB39B}
		{E0D65454-E3E8-4DEC-BEB3-F52C70E0FF8B} = {827E0CD3-B72D-47B6-A68D-7590B98EB39B}
		{D06988BB-322D-4895-BF14-3DDEFCFF3B16} = {827E0CD3-B72D-47B6-A68D-7590B98EB39B}
		{E9D6FF5F-D45A-4361-A7D1-D93692FF1962} = {827E0CD3-B72D-47B6-A68D-7590B98EB39B}
	EndGlobalSection
EndGlobal
